
Microsoft Visual Studio Solution File, Format Version 12.00
# Visual Studio Version 16
VisualStudioVersion = 16.0.31205.134
MinimumVisualStudioVersion = 10.0.40219.1
Project("{F184B08F-C81C-45F6-A57F-5ABD9991F28F}") = "MPCETeste", "WebApplication6\MPCETeste.vbproj", "{85A7AD3C-E03E-4195-BF2B-E820BF6ECC1C}"
EndProject
Global
	GlobalSection(SolutionConfigurationPlatforms) = preSolution
		Debug|Any CPU = Debug|Any CPU
		Release|Any CPU = Release|Any CPU
	EndGlobalSection
	GlobalSection(ProjectConfigurationPlatforms) = postSolution
		{85A7AD3C-E03E-4195-BF2B-E820BF6ECC1C}.Debug|Any CPU.ActiveCfg = Debug|Any CPU
		{85A7AD3C-E03E-4195-BF2B-E820BF6ECC1C}.Debug|Any CPU.Build.0 = Debug|Any CPU
		{85A7AD3C-E03E-4195-BF2B-E820BF6ECC1C}.Release|Any CPU.ActiveCfg = Release|Any CPU
		{85A7AD3C-E03E-4195-BF2B-E820BF6ECC1C}.Release|Any CPU.Build.0 = Release|Any CPU
	EndGlobalSection
	GlobalSection(SolutionProperties) = preSolution
		HideSolutionNode = FALSE
	EndGlobalSection
	GlobalSection(ExtensibilityGlobals) = postSolution
		SolutionGuid = {32BD68FE-DA6E-4A0A-976D-CB4F551D76B2}
	EndGlobalSection
EndGlobal
